
Microsoft Visual Studio Solution File, Format Version 12.00
# Visual Studio Version 16
VisualStudioVersion = 16.0.29613.14
MinimumVisualStudioVersion = 10.0.40219.1
Project("{FAE04EC0-301F-11D3-BF4B-00C04F79EFBC}") = "jd713116_MIS4200", "jd713116_MIS4200.csproj", "{13D0662B-A836-4B77-875C-6C2DEC27AE40}"
EndProject
Global
	GlobalSection(SolutionConfigurationPlatforms) = preSolution
		Debug|Any CPU = Debug|Any CPU
		Release|Any CPU = Release|Any CPU
	EndGlobalSection
	GlobalSection(ProjectConfigurationPlatforms) = postSolution
		{13D0662B-A836-4B77-875C-6C2DEC27AE40}.Debug|Any CPU.ActiveCfg = Debug|Any CPU
		{13D0662B-A836-4B77-875C-6C2DEC27AE40}.Debug|Any CPU.Build.0 = Debug|Any CPU
		{13D0662B-A836-4B77-875C-6C2DEC27AE40}.Release|Any CPU.ActiveCfg = Release|Any CPU
		{13D0662B-A836-4B77-875C-6C2DEC27AE40}.Release|Any CPU.Build.0 = Release|Any CPU
	EndGlobalSection
	GlobalSection(SolutionProperties) = preSolution
		HideSolutionNode = FALSE
	EndGlobalSection
	GlobalSection(ExtensibilityGlobals) = postSolution
		SolutionGuid = {39FC16AA-8E00-4059-ACA0-B82AAAE43D2A}
	EndGlobalSection
EndGlobal
